
Microsoft Visual Studio Solution File, Format Version 12.00
# Visual Studio Version 16
VisualStudioVersion = 16.0.31129.286
MinimumVisualStudioVersion = 10.0.40219.1
Project("{FAE04EC0-301F-11D3-BF4B-00C04F79EFBC}") = "StackExchangeLinker", "StackExchangeLinker\StackExchangeLinker.csproj", "{BF296E2D-E519-4E2F-8812-2B0ECEF0C12C}"
EndProject
Global
	GlobalSection(SolutionConfigurationPlatforms) = preSolution
		Debug|Any CPU = Debug|Any CPU
		Release|Any CPU = Release|Any CPU
	EndGlobalSection
	GlobalSection(ProjectConfigurationPlatforms) = postSolution
		{BF296E2D-E519-4E2F-8812-2B0ECEF0C12C}.Debug|Any CPU.ActiveCfg = Debug|Any CPU
		{BF296E2D-E519-4E2F-8812-2B0ECEF0C12C}.Debug|Any CPU.Build.0 = Debug|Any CPU
		{BF296E2D-E519-4E2F-8812-2B0ECEF0C12C}.Release|Any CPU.ActiveCfg = Release|Any CPU
		{BF296E2D-E519-4E2F-8812-2B0ECEF0C12C}.Release|Any CPU.Build.0 = Release|Any CPU
	EndGlobalSection
	GlobalSection(SolutionProperties) = preSolution
		HideSolutionNode = FALSE
	EndGlobalSection
	GlobalSection(ExtensibilityGlobals) = postSolution
		SolutionGuid = {961CF10E-61E6-43A2-B411-D1D297E81523}
	EndGlobalSection
EndGlobal
